
Microsoft Visual Studio Solution File, Format Version 12.00
# Visual Studio Version 17
VisualStudioVersion = 17.2.32526.322
MinimumVisualStudioVersion = 10.0.40219.1
Project("{2150E333-8FDC-42A3-9474-1A3956D46DE8}") = "Src", "Src", "{3AA18500-7F4A-47AE-9E19-D3009BE3510F}"
EndProject
Project("{2150E333-8FDC-42A3-9474-1A3956D46DE8}") = "Core", "Core", "{62E683F2-6524-4337-AA3C-0EC542BE13B1}"
EndProject
Project("{2150E333-8FDC-42A3-9474-1A3956D46DE8}") = "Infrastructure", "Infrastructure", "{E263352A-DFC7-41DE-9E61-2974FCB633D4}"
EndProject
Project("{2150E333-8FDC-42A3-9474-1A3956D46DE8}") = "Presentation", "Presentation", "{30E19AA3-79C1-43AB-8767-C13ED8622872}"
EndProject
Project("{9A19103F-16F7-4668-BE54-9A1E7A4F7556}") = "FleetManagement.Application", "Src\Core\FleetManagement.Application\FleetManagement.Application.csproj", "{5DA1E111-F6E7-4557-B792-04F2F52B01F1}"
EndProject
Project("{9A19103F-16F7-4668-BE54-9A1E7A4F7556}") = "FleetManagement.Domain", "Src\Core\FleetManagement.Domain\FleetManagement.Domain.csproj", "{EF0E0725-1FD0-487B-98E4-4251961D8757}"
EndProject
Project("{9A19103F-16F7-4668-BE54-9A1E7A4F7556}") = "FleetManagement.Infrastructure", "Src\Infrastructure\FleetManagement.Infrastructure\FleetManagement.Infrastructure.csproj", "{035B6CBF-D98E-44F8-8AB5-D75098CE6EFF}"
EndProject
Project("{9A19103F-16F7-4668-BE54-9A1E7A4F7556}") = "FleetManagement.Persistence", "Src\Infrastructure\FleetManagement.Persistence\FleetManagement.Persistence.csproj", "{77DD37FF-730E-4052-9C8E-D188B9B6CF84}"
EndProject
Project("{9A19103F-16F7-4668-BE54-9A1E7A4F7556}") = "FleetManagement.API", "Src\Presentation\FleetManagement.API\FleetManagement.API.csproj", "{82FE6843-F6C3-410F-82B3-03DD88D45176}"
EndProject
Project("{2150E333-8FDC-42A3-9474-1A3956D46DE8}") = "Test", "Test", "{85116BBB-73FB-471E-8BE1-763034D14A9D}"
EndProject
Project("{FAE04EC0-301F-11D3-BF4B-00C04F79EFBC}") = "IntegrationTests", "Test\IntegrationTests\IntegrationTests.csproj", "{5AF38317-6561-4476-817F-AB6D7AF84CEA}"
EndProject
Project("{FAE04EC0-301F-11D3-BF4B-00C04F79EFBC}") = "UniTests", "Test\UniTests\UniTests.csproj", "{F4D83AD9-1572-4971-895F-338A50B8F1C9}"
EndProject
Project("{E53339B2-1760-4266-BCC7-CA923CBCF16C}") = "docker-compose", "docker-compose.dcproj", "{73D255A9-AFF2-4342-9C1F-5E218CD3A0C8}"
EndProject
Global
	GlobalSection(SolutionConfigurationPlatforms) = preSolution
		Debug|Any CPU = Debug|Any CPU
		Release|Any CPU = Release|Any CPU
	EndGlobalSection
	GlobalSection(ProjectConfigurationPlatforms) = postSolution
		{5DA1E111-F6E7-4557-B792-04F2F52B01F1}.Debug|Any CPU.ActiveCfg = Debug|Any CPU
		{5DA1E111-F6E7-4557-B792-04F2F52B01F1}.Debug|Any CPU.Build.0 = Debug|Any CPU
		{5DA1E111-F6E7-4557-B792-04F2F52B01F1}.Release|Any CPU.ActiveCfg = Release|Any CPU
		{5DA1E111-F6E7-4557-B792-04F2F52B01F1}.Release|Any CPU.Build.0 = Release|Any CPU
		{EF0E0725-1FD0-487B-98E4-4251961D8757}.Debug|Any CPU.ActiveCfg = Debug|Any CPU
		{EF0E0725-1FD0-487B-98E4-4251961D8757}.Debug|Any CPU.Build.0 = Debug|Any CPU
		{EF0E0725-1FD0-487B-98E4-4251961D8757}.Release|Any CPU.ActiveCfg = Release|Any CPU
		{EF0E0725-1FD0-487B-98E4-4251961D8757}.Release|Any CPU.Build.0 = Release|Any CPU
		{035B6CBF-D98E-44F8-8AB5-D75098CE6EFF}.Debug|Any CPU.ActiveCfg = Debug|Any CPU
		{035B6CBF-D98E-44F8-8AB5-D75098CE6EFF}.Debug|Any CPU.Build.0 = Debug|Any CPU
		{035B6CBF-D98E-44F8-8AB5-D75098CE6EFF}.Release|Any CPU.ActiveCfg = Release|Any CPU
		{035B6CBF-D98E-44F8-8AB5-D75098CE6EFF}.Release|Any CPU.Build.0 = Release|Any CPU
		{77DD37FF-730E-4052-9C8E-D188B9B6CF84}.Debug|Any CPU.ActiveCfg = Debug|Any CPU
		{77DD37FF-730E-4052-9C8E-D188B9B6CF84}.Debug|Any CPU.Build.0 = Debug|Any CPU
		{77DD37FF-730E-4052-9C8E-D188B9B6CF84}.Release|Any CPU.ActiveCfg = Release|Any CPU
		{77DD37FF-730E-4052-9C8E-D188B9B6CF84}.Release|Any CPU.Build.0 = Release|Any CPU
		{82FE6843-F6C3-410F-82B3-03DD88D45176}.Debug|Any CPU.ActiveCfg = Debug|Any CPU
		{82FE6843-F6C3-410F-82B3-03DD88D45176}.Debug|Any CPU.Build.0 = Debug|Any CPU
		{82FE6843-F6C3-410F-82B3-03DD88D45176}.Release|Any CPU.ActiveCfg = Release|Any CPU
		{82FE6843-F6C3-410F-82B3-03DD88D45176}.Release|Any CPU.Build.0 = Release|Any CPU
		{5AF38317-6561-4476-817F-AB6D7AF84CEA}.Debug|Any CPU.ActiveCfg = Debug|Any CPU
		{5AF38317-6561-4476-817F-AB6D7AF84CEA}.Debug|Any CPU.Build.0 = Debug|Any CPU
		{5AF38317-6561-4476-817F-AB6D7AF84CEA}.Release|Any CPU.ActiveCfg = Release|Any CPU
		{5AF38317-6561-4476-817F-AB6D7AF84CEA}.Release|Any CPU.Build.0 = Release|Any CPU
		{F4D83AD9-1572-4971-895F-338A50B8F1C9}.Debug|Any CPU.ActiveCfg = Debug|Any CPU
		{F4D83AD9-1572-4971-895F-338A50B8F1C9}.Debug|Any CPU.Build.0 = Debug|Any CPU
		{F4D83AD9-1572-4971-895F-338A50B8F1C9}.Release|Any CPU.ActiveCfg = Release|Any CPU
		{F4D83AD9-1572-4971-895F-338A50B8F1C9}.Release|Any CPU.Build.0 = Release|Any CPU
		{73D255A9-AFF2-4342-9C1F-5E218CD3A0C8}.Debug|Any CPU.ActiveCfg = Debug|Any CPU
		{73D255A9-AFF2-4342-9C1F-5E218CD3A0C8}.Debug|Any CPU.Build.0 = Debug|Any CPU
		{73D255A9-AFF2-4342-9C1F-5E218CD3A0C8}.Release|Any CPU.ActiveCfg = Release|Any CPU
		{73D255A9-AFF2-4342-9C1F-5E218CD3A0C8}.Release|Any CPU.Build.0 = Release|Any CPU
	EndGlobalSection
	GlobalSection(SolutionProperties) = preSolution
		HideSolutionNode = FALSE
	EndGlobalSection
	GlobalSection(NestedProjects) = preSolution
		{62E683F2-6524-4337-AA3C-0EC542BE13B1} = {3AA18500-7F4A-47AE-9E19-D3009BE3510F}
		{E263352A-DFC7-41DE-9E61-2974FCB633D4} = {3AA18500-7F4A-47AE-9E19-D3009BE3510F}
		{30E19AA3-79C1-43AB-8767-C13ED8622872} = {3AA18500-7F4A-47AE-9E19-D3009BE3510F}
		{5DA1E111-F6E7-4557-B792-04F2F52B01F1} = {62E683F2-6524-4337-AA3C-0EC542BE13B1}
		{EF0E0725-1FD0-487B-98E4-4251961D8757} = {62E683F2-6524-4337-AA3C-0EC542BE13B1}
		{035B6CBF-D98E-44F8-8AB5-D75098CE6EFF} = {E263352A-DFC7-41DE-9E61-2974FCB633D4}
		{77DD37FF-730E-4052-9C8E-D188B9B6CF84} = {E263352A-DFC7-41DE-9E61-2974FCB633D4}
		{82FE6843-F6C3-410F-82B3-03DD88D45176} = {30E19AA3-79C1-43AB-8767-C13ED8622872}
		{5AF38317-6561-4476-817F-AB6D7AF84CEA} = {85116BBB-73FB-471E-8BE1-763034D14A9D}
		{F4D83AD9-1572-4971-895F-338A50B8F1C9} = {85116BBB-73FB-471E-8BE1-763034D14A9D}
	EndGlobalSection
	GlobalSection(ExtensibilityGlobals) = postSolution
		SolutionGuid = {C4D9C6E8-30B2-47F0-AE1A-5F882CF0BDF0}
	EndGlobalSection
EndGlobal
